
Microsoft Visual Studio Solution File, Format Version 12.00
# Visual Studio Version 17
VisualStudioVersion = 17.12.35728.132 d17.12
MinimumVisualStudioVersion = 10.0.40219.1
Project("{FAE04EC0-301F-11D3-BF4B-00C04F79EFBC}") = "ProductReviewer.Api", "ProductReviewer.Api\ProductReviewer.Api.csproj", "{62ACEA1A-7A20-415B-B3CB-0586C1E31431}"
EndProject
Project("{FAE04EC0-301F-11D3-BF4B-00C04F79EFBC}") = "ProductReviewer.Application", "ProductReviewer.Application\ProductReviewer.Application.csproj", "{E6CC88E7-84DF-4570-BA0E-440141942F61}"
EndProject
Project("{FAE04EC0-301F-11D3-BF4B-00C04F79EFBC}") = "ProductReviewer.Infrastructure", "ProductReviewer.Infrastructure\ProductReviewer.Infrastructure.csproj", "{0365A1D2-000E-4815-BD78-F6C5CA212EBF}"
EndProject
Project("{FAE04EC0-301F-11D3-BF4B-00C04F79EFBC}") = "ProductReviewer.Domain", "ProductReviewer.Domain\ProductReviewer.Domain.csproj", "{0CCEBD99-3F89-4909-9325-21808492FD2A}"
EndProject
Global
	GlobalSection(SolutionConfigurationPlatforms) = preSolution
		Debug|Any CPU = Debug|Any CPU
		Release|Any CPU = Release|Any CPU
	EndGlobalSection
	GlobalSection(ProjectConfigurationPlatforms) = postSolution
		{62ACEA1A-7A20-415B-B3CB-0586C1E31431}.Debug|Any CPU.ActiveCfg = Debug|Any CPU
		{62ACEA1A-7A20-415B-B3CB-0586C1E31431}.Debug|Any CPU.Build.0 = Debug|Any CPU
		{62ACEA1A-7A20-415B-B3CB-0586C1E31431}.Release|Any CPU.ActiveCfg = Release|Any CPU
		{62ACEA1A-7A20-415B-B3CB-0586C1E31431}.Release|Any CPU.Build.0 = Release|Any CPU
		{E6CC88E7-84DF-4570-BA0E-440141942F61}.Debug|Any CPU.ActiveCfg = Debug|Any CPU
		{E6CC88E7-84DF-4570-BA0E-440141942F61}.Debug|Any CPU.Build.0 = Debug|Any CPU
		{E6CC88E7-84DF-4570-BA0E-440141942F61}.Release|Any CPU.ActiveCfg = Release|Any CPU
		{E6CC88E7-84DF-4570-BA0E-440141942F61}.Release|Any CPU.Build.0 = Release|Any CPU
		{0365A1D2-000E-4815-BD78-F6C5CA212EBF}.Debug|Any CPU.ActiveCfg = Debug|Any CPU
		{0365A1D2-000E-4815-BD78-F6C5CA212EBF}.Debug|Any CPU.Build.0 = Debug|Any CPU
		{0365A1D2-000E-4815-BD78-F6C5CA212EBF}.Release|Any CPU.ActiveCfg = Release|Any CPU
		{0365A1D2-000E-4815-BD78-F6C5CA212EBF}.Release|Any CPU.Build.0 = Release|Any CPU
		{0CCEBD99-3F89-4909-9325-21808492FD2A}.Debug|Any CPU.ActiveCfg = Debug|Any CPU
		{0CCEBD99-3F89-4909-9325-21808492FD2A}.Debug|Any CPU.Build.0 = Debug|Any CPU
		{0CCEBD99-3F89-4909-9325-21808492FD2A}.Release|Any CPU.ActiveCfg = Release|Any CPU
		{0CCEBD99-3F89-4909-9325-21808492FD2A}.Release|Any CPU.Build.0 = Release|Any CPU
	EndGlobalSection
	GlobalSection(SolutionProperties) = preSolution
		HideSolutionNode = FALSE
	EndGlobalSection
EndGlobal
